
Microsoft Visual Studio Solution File, Format Version 11.00
# Visual Studio 2010
Project("{FAE04EC0-301F-11D3-BF4B-00C04F79EFBC}") = "Launcher", "Launcher\Launcher.csproj", "{91AB72E3-BEC6-4D5F-A301-2045795CD24B}"
EndProject
Project("{FAE04EC0-301F-11D3-BF4B-00C04F79EFBC}") = "Services", "Services\Services.csproj", "{36932508-98AB-420D-8814-6B8165A9F46A}"
EndProject
Project("{2150E333-8FDC-42A3-9474-1A3956D46DE8}") = "Tests", "Tests", "{48A47E3D-F473-4059-AB20-12E13F4BDE23}"
EndProject
Project("{FAE04EC0-301F-11D3-BF4B-00C04F79EFBC}") = "Services.Tests", "Services\Tests\Services.Tests.csproj", "{1E2BC60E-9297-4A14-AD3C-C53D3379B527}"
EndProject
Project("{FAE04EC0-301F-11D3-BF4B-00C04F79EFBC}") = "ViewModel", "ViewModel\ViewModel.csproj", "{05D29E0A-4CBF-4B1D-8A5D-8A0556DAD152}"
EndProject
Project("{FAE04EC0-301F-11D3-BF4B-00C04F79EFBC}") = "ViewModel.Tests", "ViewModel\Tests\ViewModel.Tests.csproj", "{C00A64FA-BC8D-4F49-A34F-D544F45B7BB0}"
EndProject
Project("{FAE04EC0-301F-11D3-BF4B-00C04F79EFBC}") = "TestUtilities", "TestUtilities\TestUtilities.csproj", "{F6817AF7-DCBF-4187-B530-B53FD9D24FAC}"
EndProject
Global
	GlobalSection(SolutionConfigurationPlatforms) = preSolution
		Debug|Any CPU = Debug|Any CPU
		Debug|Mixed Platforms = Debug|Mixed Platforms
		Debug|x86 = Debug|x86
		Release|Any CPU = Release|Any CPU
		Release|Mixed Platforms = Release|Mixed Platforms
		Release|x86 = Release|x86
	EndGlobalSection
	GlobalSection(ProjectConfigurationPlatforms) = postSolution
		{91AB72E3-BEC6-4D5F-A301-2045795CD24B}.Debug|Any CPU.ActiveCfg = Debug|x86
		{91AB72E3-BEC6-4D5F-A301-2045795CD24B}.Debug|Mixed Platforms.ActiveCfg = Debug|x86
		{91AB72E3-BEC6-4D5F-A301-2045795CD24B}.Debug|Mixed Platforms.Build.0 = Debug|x86
		{91AB72E3-BEC6-4D5F-A301-2045795CD24B}.Debug|x86.ActiveCfg = Debug|x86
		{91AB72E3-BEC6-4D5F-A301-2045795CD24B}.Debug|x86.Build.0 = Debug|x86
		{91AB72E3-BEC6-4D5F-A301-2045795CD24B}.Release|Any CPU.ActiveCfg = Release|x86
		{91AB72E3-BEC6-4D5F-A301-2045795CD24B}.Release|Mixed Platforms.ActiveCfg = Release|x86
		{91AB72E3-BEC6-4D5F-A301-2045795CD24B}.Release|Mixed Platforms.Build.0 = Release|x86
		{91AB72E3-BEC6-4D5F-A301-2045795CD24B}.Release|x86.ActiveCfg = Release|x86
		{91AB72E3-BEC6-4D5F-A301-2045795CD24B}.Release|x86.Build.0 = Release|x86
		{36932508-98AB-420D-8814-6B8165A9F46A}.Debug|Any CPU.ActiveCfg = Debug|Any CPU
		{36932508-98AB-420D-8814-6B8165A9F46A}.Debug|Any CPU.Build.0 = Debug|Any CPU
		{36932508-98AB-420D-8814-6B8165A9F46A}.Debug|Mixed Platforms.ActiveCfg = Debug|Any CPU
		{36932508-98AB-420D-8814-6B8165A9F46A}.Debug|Mixed Platforms.Build.0 = Debug|Any CPU
		{36932508-98AB-420D-8814-6B8165A9F46A}.Debug|x86.ActiveCfg = Debug|Any CPU
		{36932508-98AB-420D-8814-6B8165A9F46A}.Release|Any CPU.ActiveCfg = Release|Any CPU
		{36932508-98AB-420D-8814-6B8165A9F46A}.Release|Any CPU.Build.0 = Release|Any CPU
		{36932508-98AB-420D-8814-6B8165A9F46A}.Release|Mixed Platforms.ActiveCfg = Release|Any CPU
		{36932508-98AB-420D-8814-6B8165A9F46A}.Release|Mixed Platforms.Build.0 = Release|Any CPU
		{36932508-98AB-420D-8814-6B8165A9F46A}.Release|x86.ActiveCfg = Release|Any CPU
		{1E2BC60E-9297-4A14-AD3C-C53D3379B527}.Debug|Any CPU.ActiveCfg = Debug|Any CPU
		{1E2BC60E-9297-4A14-AD3C-C53D3379B527}.Debug|Any CPU.Build.0 = Debug|Any CPU
		{1E2BC60E-9297-4A14-AD3C-C53D3379B527}.Debug|Mixed Platforms.ActiveCfg = Debug|Any CPU
		{1E2BC60E-9297-4A14-AD3C-C53D3379B527}.Debug|Mixed Platforms.Build.0 = Debug|Any CPU
		{1E2BC60E-9297-4A14-AD3C-C53D3379B527}.Debug|x86.ActiveCfg = Debug|Any CPU
		{1E2BC60E-9297-4A14-AD3C-C53D3379B527}.Release|Any CPU.ActiveCfg = Release|Any CPU
		{1E2BC60E-9297-4A14-AD3C-C53D3379B527}.Release|Any CPU.Build.0 = Release|Any CPU
		{1E2BC60E-9297-4A14-AD3C-C53D3379B527}.Release|Mixed Platforms.ActiveCfg = Release|Any CPU
		{1E2BC60E-9297-4A14-AD3C-C53D3379B527}.Release|Mixed Platforms.Build.0 = Release|Any CPU
		{1E2BC60E-9297-4A14-AD3C-C53D3379B527}.Release|x86.ActiveCfg = Release|Any CPU
		{05D29E0A-4CBF-4B1D-8A5D-8A0556DAD152}.Debug|Any CPU.ActiveCfg = Debug|Any CPU
		{05D29E0A-4CBF-4B1D-8A5D-8A0556DAD152}.Debug|Any CPU.Build.0 = Debug|Any CPU
		{05D29E0A-4CBF-4B1D-8A5D-8A0556DAD152}.Debug|Mixed Platforms.ActiveCfg = Debug|Any CPU
		{05D29E0A-4CBF-4B1D-8A5D-8A0556DAD152}.Debug|Mixed Platforms.Build.0 = Debug|Any CPU
		{05D29E0A-4CBF-4B1D-8A5D-8A0556DAD152}.Debug|x86.ActiveCfg = Debug|Any CPU
		{05D29E0A-4CBF-4B1D-8A5D-8A0556DAD152}.Release|Any CPU.ActiveCfg = Release|Any CPU
		{05D29E0A-4CBF-4B1D-8A5D-8A0556DAD152}.Release|Any CPU.Build.0 = Release|Any CPU
		{05D29E0A-4CBF-4B1D-8A5D-8A0556DAD152}.Release|Mixed Platforms.ActiveCfg = Release|Any CPU
		{05D29E0A-4CBF-4B1D-8A5D-8A0556DAD152}.Release|Mixed Platforms.Build.0 = Release|Any CPU
		{05D29E0A-4CBF-4B1D-8A5D-8A0556DAD152}.Release|x86.ActiveCfg = Release|Any CPU
		{C00A64FA-BC8D-4F49-A34F-D544F45B7BB0}.Debug|Any CPU.ActiveCfg = Debug|Any CPU
		{C00A64FA-BC8D-4F49-A34F-D544F45B7BB0}.Debug|Any CPU.Build.0 = Debug|Any CPU
		{C00A64FA-BC8D-4F49-A34F-D544F45B7BB0}.Debug|Mixed Platforms.ActiveCfg = Debug|Any CPU
		{C00A64FA-BC8D-4F49-A34F-D544F45B7BB0}.Debug|Mixed Platforms.Build.0 = Debug|Any CPU
		{C00A64FA-BC8D-4F49-A34F-D544F45B7BB0}.Debug|x86.ActiveCfg = Debug|Any CPU
		{C00A64FA-BC8D-4F49-A34F-D544F45B7BB0}.Release|Any CPU.ActiveCfg = Release|Any CPU
		{C00A64FA-BC8D-4F49-A34F-D544F45B7BB0}.Release|Any CPU.Build.0 = Release|Any CPU
		{C00A64FA-BC8D-4F49-A34F-D544F45B7BB0}.Release|Mixed Platforms.ActiveCfg = Release|Any CPU
		{C00A64FA-BC8D-4F49-A34F-D544F45B7BB0}.Release|Mixed Platforms.Build.0 = Release|Any CPU
		{C00A64FA-BC8D-4F49-A34F-D544F45B7BB0}.Release|x86.ActiveCfg = Release|Any CPU
		{F6817AF7-DCBF-4187-B530-B53FD9D24FAC}.Debug|Any CPU.ActiveCfg = Debug|Any CPU
		{F6817AF7-DCBF-4187-B530-B53FD9D24FAC}.Debug|Any CPU.Build.0 = Debug|Any CPU
		{F6817AF7-DCBF-4187-B530-B53FD9D24FAC}.Debug|Mixed Platforms.ActiveCfg = Debug|Any CPU
		{F6817AF7-DCBF-4187-B530-B53FD9D24FAC}.Debug|Mixed Platforms.Build.0 = Debug|Any CPU
		{F6817AF7-DCBF-4187-B530-B53FD9D24FAC}.Debug|x86.ActiveCfg = Debug|Any CPU
		{F6817AF7-DCBF-4187-B530-B53FD9D24FAC}.Release|Any CPU.ActiveCfg = Release|Any CPU
		{F6817AF7-DCBF-4187-B530-B53FD9D24FAC}.Release|Any CPU.Build.0 = Release|Any CPU
		{F6817AF7-DCBF-4187-B530-B53FD9D24FAC}.Release|Mixed Platforms.ActiveCfg = Release|Any CPU
		{F6817AF7-DCBF-4187-B530-B53FD9D24FAC}.Release|Mixed Platforms.Build.0 = Release|Any CPU
		{F6817AF7-DCBF-4187-B530-B53FD9D24FAC}.Release|x86.ActiveCfg = Release|Any CPU
	EndGlobalSection
	GlobalSection(SolutionProperties) = preSolution
		HideSolutionNode = FALSE
	EndGlobalSection
	GlobalSection(NestedProjects) = preSolution
		{1E2BC60E-9297-4A14-AD3C-C53D3379B527} = {48A47E3D-F473-4059-AB20-12E13F4BDE23}
		{C00A64FA-BC8D-4F49-A34F-D544F45B7BB0} = {48A47E3D-F473-4059-AB20-12E13F4BDE23}
		{F6817AF7-DCBF-4187-B530-B53FD9D24FAC} = {48A47E3D-F473-4059-AB20-12E13F4BDE23}
	EndGlobalSection
EndGlobal
